
Microsoft Visual Studio Solution File, Format Version 12.00
# Visual Studio Version 17
VisualStudioVersion = 17.10.34928.147
MinimumVisualStudioVersion = 10.0.40219.1
Project("{FAE04EC0-301F-11D3-BF4B-00C04F79EFBC}") = "Autoberles", "Autoberles\Autoberles.csproj", "{6F9289DB-2621-4599-A0FF-DDF009232342}"
EndProject
Global
	GlobalSection(SolutionConfigurationPlatforms) = preSolution
		Debug|Any CPU = Debug|Any CPU
		Release|Any CPU = Release|Any CPU
	EndGlobalSection
	GlobalSection(ProjectConfigurationPlatforms) = postSolution
		{6F9289DB-2621-4599-A0FF-DDF009232342}.Debug|Any CPU.ActiveCfg = Debug|Any CPU
		{6F9289DB-2621-4599-A0FF-DDF009232342}.Debug|Any CPU.Build.0 = Debug|Any CPU
		{6F9289DB-2621-4599-A0FF-DDF009232342}.Release|Any CPU.ActiveCfg = Release|Any CPU
		{6F9289DB-2621-4599-A0FF-DDF009232342}.Release|Any CPU.Build.0 = Release|Any CPU
	EndGlobalSection
	GlobalSection(SolutionProperties) = preSolution
		HideSolutionNode = FALSE
	EndGlobalSection
	GlobalSection(ExtensibilityGlobals) = postSolution
		SolutionGuid = {FA73A070-04DB-4DF8-B45E-A3B566FAF9D3}
	EndGlobalSection
EndGlobal
